
Microsoft Visual Studio Solution File, Format Version 12.00
# Visual Studio Version 16
VisualStudioVersion = 16.0.31205.134
MinimumVisualStudioVersion = 10.0.40219.1
Project("{FAE04EC0-301F-11D3-BF4B-00C04F79EFBC}") = "login-system", "login-system\login-system.csproj", "{721FAA07-A169-48C2-90B6-9D7D84340271}"
EndProject
Global
	GlobalSection(SolutionConfigurationPlatforms) = preSolution
		Debug|Any CPU = Debug|Any CPU
		Release|Any CPU = Release|Any CPU
	EndGlobalSection
	GlobalSection(ProjectConfigurationPlatforms) = postSolution
		{721FAA07-A169-48C2-90B6-9D7D84340271}.Debug|Any CPU.ActiveCfg = Debug|Any CPU
		{721FAA07-A169-48C2-90B6-9D7D84340271}.Debug|Any CPU.Build.0 = Debug|Any CPU
		{721FAA07-A169-48C2-90B6-9D7D84340271}.Release|Any CPU.ActiveCfg = Release|Any CPU
		{721FAA07-A169-48C2-90B6-9D7D84340271}.Release|Any CPU.Build.0 = Release|Any CPU
	EndGlobalSection
	GlobalSection(SolutionProperties) = preSolution
		HideSolutionNode = FALSE
	EndGlobalSection
	GlobalSection(ExtensibilityGlobals) = postSolution
		SolutionGuid = {681F7718-0763-4656-8898-26FE102243FE}
	EndGlobalSection
EndGlobal
